<?xml version="1.0" encoding="UTF-8" standalone="yes" ?>
<CodeBlocks_project_file>
	<FileVersion major="1" minor="6" />
	<Project>
		<Option title="ec_test" />
		<Option pch_mode="2" />
		<Option compiler="gcc" />
		<Build>
			<Target title="Debug">
				<Option output="bin/Debug/ec_test" prefix_auto="1" extension_auto="1" />
				<Option object_output="obj/Debug/" />
				<Option type="1" />
				<Option compiler="gcc" />
				<Compiler>
					<Add option="-g" />
				</Compiler>
			</Target>
			<Target title="Release">
				<Option output="bin/Release/ec_test" prefix_auto="1" extension_auto="1" />
				<Option object_output="obj/Release/" />
				<Option type="1" />
				<Option compiler="gcc" />
				<Compiler>
					<Add option="-O2" />
				</Compiler>
				<Linker>
					<Add option="-s" />
				</Linker>
			</Target>
		</Build>
		<Compiler>
			<Add option="-Wall" />
		</Compiler>
		<Unit filename="custom_log.c">
			<Option compilerVar="CC" />
		</Unit>
		<Unit filename="custom_log.h" />
		<Unit filename="ec_src.c">
			<Option compilerVar="CC" />
		</Unit>
		<Unit filename="ec_src.h" />
		<Unit filename="ec_storage.h" />
		<Unit filename="ec_test.c">
			<Option compilerVar="CC" />
		</Unit>
		<Unit filename="jerasure/cauchy.h" />
		<Unit filename="jerasure/galois.c">
			<Option compilerVar="CC" />
		</Unit>
		<Unit filename="jerasure/galois.h" />
		<Unit filename="jerasure/jerasure.c">
			<Option compilerVar="CC" />
		</Unit>
		<Unit filename="jerasure/jerasure.h" />
		<Unit filename="jerasure/liberation.c">
			<Option compilerVar="CC" />
		</Unit>
		<Unit filename="jerasure/liberation.h" />
		<Unit filename="jerasure/reed_sol.c">
			<Option compilerVar="CC" />
		</Unit>
		<Unit filename="jerasure/reed_sol.h" />
		<Unit filename="transform.c">
			<Option compilerVar="CC" />
		</Unit>
		<Unit filename="transform.h" />
		<Unit filename="unit_test.h" />
		<Unit filename="van_encode.c">
			<Option compilerVar="CC" />
		</Unit>
		<Unit filename="van_encode.h" />
		<Unit filename="xmalloc.c">
			<Option compilerVar="CC" />
		</Unit>
		<Unit filename="xmalloc.h" />
		<Extensions>
			<code_completion />
			<envvars />
			<debugger />
		</Extensions>
	</Project>
</CodeBlocks_project_file>
